
Microsoft Visual Studio Solution File, Format Version 12.00
# Visual Studio Version 16
VisualStudioVersion = 16.0.31702.278
MinimumVisualStudioVersion = 10.0.40219.1
Project("{8BC9CEB8-8B4A-11D0-8D11-00A0C91BC942}") = "Л-4, З-2", "Л-4, З-2\Л-4, З-2.vcxproj", "{AAE2CE41-ED9A-471C-8233-EEE8CEB58896}"
EndProject
Global
	GlobalSection(SolutionConfigurationPlatforms) = preSolution
		Debug|x64 = Debug|x64
		Debug|x86 = Debug|x86
		Release|x64 = Release|x64
		Release|x86 = Release|x86
	EndGlobalSection
	GlobalSection(ProjectConfigurationPlatforms) = postSolution
		{AAE2CE41-ED9A-471C-8233-EEE8CEB58896}.Debug|x64.ActiveCfg = Debug|x64
		{AAE2CE41-ED9A-471C-8233-EEE8CEB58896}.Debug|x64.Build.0 = Debug|x64
		{AAE2CE41-ED9A-471C-8233-EEE8CEB58896}.Debug|x86.ActiveCfg = Debug|Win32
		{AAE2CE41-ED9A-471C-8233-EEE8CEB58896}.Debug|x86.Build.0 = Debug|Win32
		{AAE2CE41-ED9A-471C-8233-EEE8CEB58896}.Release|x64.ActiveCfg = Release|x64
		{AAE2CE41-ED9A-471C-8233-EEE8CEB58896}.Release|x64.Build.0 = Release|x64
		{AAE2CE41-ED9A-471C-8233-EEE8CEB58896}.Release|x86.ActiveCfg = Release|Win32
		{AAE2CE41-ED9A-471C-8233-EEE8CEB58896}.Release|x86.Build.0 = Release|Win32
	EndGlobalSection
	GlobalSection(SolutionProperties) = preSolution
		HideSolutionNode = FALSE
	EndGlobalSection
	GlobalSection(ExtensibilityGlobals) = postSolution
		SolutionGuid = {E3D1D6DF-BB24-4969-BEE0-46AEA1C79E7A}
	EndGlobalSection
EndGlobal
